// !$*UTF8*$!
{
	archiveVersion = 1;
	classes = {
	};
	objectVersion = 56;
	objects = {

/* Begin PBXBuildFile section */
		FA2F6DEB2BDF761700173C83 /* VideoViewerApplicationApp.swift in Sources */ = {isa = PBXBuildFile; fileRef = FA2F6DEA2BDF761700173C83 /* VideoViewerApplicationApp.swift */; };
		FA2F6DED2BDF761700173C83 /* ContentView.swift in Sources */ = {isa = PBXBuildFile; fileRef = FA2F6DEC2BDF761700173C83 /* ContentView.swift */; };
		FA2F6DEF2BDF761E00173C83 /* Assets.xcassets in Resources */ = {isa = PBXBuildFile; fileRef = FA2F6DEE2BDF761E00173C83 /* Assets.xcassets */; };
		FA2F6DF22BDF761E00173C83 /* Preview Assets.xcassets in Resources */ = {isa = PBXBuildFile; fileRef = FA2F6DF12BDF761E00173C83 /* Preview Assets.xcassets */; };
		FA2F6DFC2BDF762100173C83 /* VideoViewerApplicationTests.swift in Sources */ = {isa = PBXBuildFile; fileRef = FA2F6DFB2BDF762100173C83 /* VideoViewerApplicationTests.swift */; };
		FA2F6E062BDF762100173C83 /* VideoViewerApplicationUITests.swift in Sources */ = {isa = PBXBuildFile; fileRef = FA2F6E052BDF762100173C83 /* VideoViewerApplicationUITests.swift */; };
		FA2F6E082BDF762100173C83 /* VideoViewerApplicationUITestsLaunchTests.swift in Sources */ = {isa = PBXBuildFile; fileRef = FA2F6E072BDF762100173C83 /* VideoViewerApplicationUITestsLaunchTests.swift */; };
		FA2F6E152BDF764D00173C83 /* video_list_screen.png in Resources */ = {isa = PBXBuildFile; fileRef = FA2F6E142BDF764D00173C83 /* video_list_screen.png */; };
		FA2F6E172BDF765900173C83 /* video_details_screen.png in Resources */ = {isa = PBXBuildFile; fileRef = FA2F6E162BDF765900173C83 /* video_details_screen.png */; };
		FA2F6E192BDF766300173C83 /* README.md in Resources */ = {isa = PBXBuildFile; fileRef = FA2F6E182BDF766300173C83 /* README.md */; };
		FA2F6E1B2BDF7B8400173C83 /* Video.swift in Sources */ = {isa = PBXBuildFile; fileRef = FA2F6E1A2BDF7B8400173C83 /* Video.swift */; };
		FA2F6E1E2BDF7BD600173C83 /* NetworkManager.swift in Sources */ = {isa = PBXBuildFile; fileRef = FA2F6E1D2BDF7BD600173C83 /* NetworkManager.swift */; };
		FA2F6E232BDF7CCE00173C83 /* VideoListView.swift in Sources */ = {isa = PBXBuildFile; fileRef = FA2F6E222BDF7CCE00173C83 /* VideoListView.swift */; };
		FA2F6E252BDF7CFA00173C83 /* VideoDetailView.swift in Sources */ = {isa = PBXBuildFile; fileRef = FA2F6E242BDF7CFA00173C83 /* VideoDetailView.swift */; };
		FA2F6E272BDF7D2E00173C83 /* VideoDownloadManager.swift in Sources */ = {isa = PBXBuildFile; fileRef = FA2F6E262BDF7D2E00173C83 /* VideoDownloadManager.swift */; };
		FA2F6E2A2BDF808500173C83 /* PullToRefreshModifier.swift in Sources */ = {isa = PBXBuildFile; fileRef = FA2F6E292BDF808500173C83 /* PullToRefreshModifier.swift */; };
		FA2F6E2C2BDF80B200173C83 /* RefreshableKeyTypes.swift in Sources */ = {isa = PBXBuildFile; fileRef = FA2F6E2B2BDF80B200173C83 /* RefreshableKeyTypes.swift */; };
		FA2F6E302BE375A500173C83 /* VideoViewerApplicationApp.swift in Sources */ = {isa = PBXBuildFile; fileRef = FA2F6DEA2BDF761700173C83 /* VideoViewerApplicationApp.swift */; };
		FA2F6E312BE375A600173C83 /* VideoViewerApplicationApp.swift in Sources */ = {isa = PBXBuildFile; fileRef = FA2F6DEA2BDF761700173C83 /* VideoViewerApplicationApp.swift */; };
		FA2F6E322BE375AA00173C83 /* ContentView.swift in Sources */ = {isa = PBXBuildFile; fileRef = FA2F6DEC2BDF761700173C83 /* ContentView.swift */; };
		FA2F6E332BE375AB00173C83 /* ContentView.swift in Sources */ = {isa = PBXBuildFile; fileRef = FA2F6DEC2BDF761700173C83 /* ContentView.swift */; };
		FA2F6E342BE375AE00173C83 /* VideoListView.swift in Sources */ = {isa = PBXBuildFile; fileRef = FA2F6E222BDF7CCE00173C83 /* VideoListView.swift */; };
		FA2F6E352BE375AF00173C83 /* VideoListView.swift in Sources */ = {isa = PBXBuildFile; fileRef = FA2F6E222BDF7CCE00173C83 /* VideoListView.swift */; };
		FA2F6E362BE375B300173C83 /* VideoDetailView.swift in Sources */ = {isa = PBXBuildFile; fileRef = FA2F6E242BDF7CFA00173C83 /* VideoDetailView.swift */; };
		FA2F6E372BE375B400173C83 /* VideoDetailView.swift in Sources */ = {isa = PBXBuildFile; fileRef = FA2F6E242BDF7CFA00173C83 /* VideoDetailView.swift */; };
		FA2F6E382BE375B700173C83 /* VideoDownloadManager.swift in Sources */ = {isa = PBXBuildFile; fileRef = FA2F6E262BDF7D2E00173C83 /* VideoDownloadManager.swift */; };
		FA2F6E392BE375B800173C83 /* VideoDownloadManager.swift in Sources */ = {isa = PBXBuildFile; fileRef = FA2F6E262BDF7D2E00173C83 /* VideoDownloadManager.swift */; };
		FA2F6E3A2BE375BC00173C83 /* PullToRefreshModifier.swift in Sources */ = {isa = PBXBuildFile; fileRef = FA2F6E292BDF808500173C83 /* PullToRefreshModifier.swift */; };
		FA2F6E3B2BE375BD00173C83 /* PullToRefreshModifier.swift in Sources */ = {isa = PBXBuildFile; fileRef = FA2F6E292BDF808500173C83 /* PullToRefreshModifier.swift */; };
		FA2F6E3C2BE375C000173C83 /* RefreshableKeyTypes.swift in Sources */ = {isa = PBXBuildFile; fileRef = FA2F6E2B2BDF80B200173C83 /* RefreshableKeyTypes.swift */; };
		FA2F6E3D2BE375C100173C83 /* RefreshableKeyTypes.swift in Sources */ = {isa = PBXBuildFile; fileRef = FA2F6E2B2BDF80B200173C83 /* RefreshableKeyTypes.swift */; };
		FA2F6E3E2BE375C400173C83 /* NetworkManager.swift in Sources */ = {isa = PBXBuildFile; fileRef = FA2F6E1D2BDF7BD600173C83 /* NetworkManager.swift */; };
		FA2F6E3F2BE375C500173C83 /* NetworkManager.swift in Sources */ = {isa = PBXBuildFile; fileRef = FA2F6E1D2BDF7BD600173C83 /* NetworkManager.swift */; };
		FA2F6E402BE375CC00173C83 /* Video.swift in Sources */ = {isa = PBXBuildFile; fileRef = FA2F6E1A2BDF7B8400173C83 /* Video.swift */; };
		FA2F6E412BE375CD00173C83 /* Video.swift in Sources */ = {isa = PBXBuildFile; fileRef = FA2F6E1A2BDF7B8400173C83 /* Video.swift */; };
/* End PBXBuildFile section */

/* Begin PBXContainerItemProxy section */
		FA2F6DF82BDF762100173C83 /* PBXContainerItemProxy */ = {
			isa = PBXContainerItemProxy;
			containerPortal = FA2F6DDF2BDF761700173C83 /* Project object */;
			proxyType = 1;
			remoteGlobalIDString = FA2F6DE62BDF761700173C83;
			remoteInfo = VideoViewerApplication;
		};
		FA2F6E022BDF762100173C83 /* PBXContainerItemProxy */ = {
			isa = PBXContainerItemProxy;
			containerPortal = FA2F6DDF2BDF761700173C83 /* Project object */;
			proxyType = 1;
			remoteGlobalIDString = FA2F6DE62BDF761700173C83;
			remoteInfo = VideoViewerApplication;
		};
/* End PBXContainerItemProxy section */

/* Begin PBXFileReference section */
		FA2F6DE72BDF761700173C83 /* VideoViewerApplication.app */ = {isa = PBXFileReference; explicitFileType = wrapper.application; includeInIndex = 0; path = VideoViewerApplication.app; sourceTree = BUILT_PRODUCTS_DIR; };
		FA2F6DEA2BDF761700173C83 /* VideoViewerApplicationApp.swift */ = {isa = PBXFileReference; lastKnownFileType = sourcecode.swift; path = VideoViewerApplicationApp.swift; sourceTree = "<group>"; };
		FA2F6DEC2BDF761700173C83 /* ContentView.swift */ = {isa = PBXFileReference; lastKnownFileType = sourcecode.swift; path = ContentView.swift; sourceTree = "<group>"; };
		FA2F6DEE2BDF761E00173C83 /* Assets.xcassets */ = {isa = PBXFileReference; lastKnownFileType = folder.assetcatalog; path = Assets.xcassets; sourceTree = "<group>"; };
		FA2F6DF12BDF761E00173C83 /* Preview Assets.xcassets */ = {isa = PBXFileReference; lastKnownFileType = folder.assetcatalog; path = "Preview Assets.xcassets"; sourceTree = "<group>"; };
		FA2F6DF72BDF762100173C83 /* VideoViewerApplicationTests.xctest */ = {isa = PBXFileReference; explicitFileType = wrapper.cfbundle; includeInIndex = 0; path = VideoViewerApplicationTests.xctest; sourceTree = BUILT_PRODUCTS_DIR; };
		FA2F6DFB2BDF762100173C83 /* VideoViewerApplicationTests.swift */ = {isa = PBXFileReference; lastKnownFileType = sourcecode.swift; path = VideoViewerApplicationTests.swift; sourceTree = "<group>"; };
		FA2F6E012BDF762100173C83 /* VideoViewerApplicationUITests.xctest */ = {isa = PBXFileReference; explicitFileType = wrapper.cfbundle; includeInIndex = 0; path = VideoViewerApplicationUITests.xctest; sourceTree = BUILT_PRODUCTS_DIR; };
		FA2F6E052BDF762100173C83 /* VideoViewerApplicationUITests.swift */ = {isa = PBXFileReference; lastKnownFileType = sourcecode.swift; path = VideoViewerApplicationUITests.swift; sourceTree = "<group>"; };
		FA2F6E072BDF762100173C83 /* VideoViewerApplicationUITestsLaunchTests.swift */ = {isa = PBXFileReference; lastKnownFileType = sourcecode.swift; path = VideoViewerApplicationUITestsLaunchTests.swift; sourceTree = "<group>"; };
		FA2F6E142BDF764D00173C83 /* video_list_screen.png */ = {isa = PBXFileReference; lastKnownFileType = image.png; path = video_list_screen.png; sourceTree = "<group>"; };
		FA2F6E162BDF765900173C83 /* video_details_screen.png */ = {isa = PBXFileReference; lastKnownFileType = image.png; path = video_details_screen.png; sourceTree = "<group>"; };
		FA2F6E182BDF766300173C83 /* README.md */ = {isa = PBXFileReference; fileEncoding = 4; lastKnownFileType = net.daringfireball.markdown; path = README.md; sourceTree = "<group>"; };
		FA2F6E1A2BDF7B8400173C83 /* Video.swift */ = {isa = PBXFileReference; lastKnownFileType = sourcecode.swift; path = Video.swift; sourceTree = "<group>"; };
		FA2F6E1D2BDF7BD600173C83 /* NetworkManager.swift */ = {isa = PBXFileReference; lastKnownFileType = sourcecode.swift; path = NetworkManager.swift; sourceTree = "<group>"; };
		FA2F6E222BDF7CCE00173C83 /* VideoListView.swift */ = {isa = PBXFileReference; lastKnownFileType = sourcecode.swift; path = VideoListView.swift; sourceTree = "<group>"; };
		FA2F6E242BDF7CFA00173C83 /* VideoDetailView.swift */ = {isa = PBXFileReference; lastKnownFileType = sourcecode.swift; path = VideoDetailView.swift; sourceTree = "<group>"; };
		FA2F6E262BDF7D2E00173C83 /* VideoDownloadManager.swift */ = {isa = PBXFileReference; lastKnownFileType = sourcecode.swift; path = VideoDownloadManager.swift; sourceTree = "<group>"; };
		FA2F6E292BDF808500173C83 /* PullToRefreshModifier.swift */ = {isa = PBXFileReference; lastKnownFileType = sourcecode.swift; path = PullToRefreshModifier.swift; sourceTree = "<group>"; };
		FA2F6E2B2BDF80B200173C83 /* RefreshableKeyTypes.swift */ = {isa = PBXFileReference; lastKnownFileType = sourcecode.swift; path = RefreshableKeyTypes.swift; sourceTree = "<group>"; };
/* End PBXFileReference section */

/* Begin PBXFrameworksBuildPhase section */
		FA2F6DE42BDF761700173C83 /* Frameworks */ = {
			isa = PBXFrameworksBuildPhase;
			buildActionMask = 2147483647;
			files = (
			);
			runOnlyForDeploymentPostprocessing = 0;
		};
		FA2F6DF42BDF762100173C83 /* Frameworks */ = {
			isa = PBXFrameworksBuildPhase;
			buildActionMask = 2147483647;
			files = (
			);
			runOnlyForDeploymentPostprocessing = 0;
		};
		FA2F6DFE2BDF762100173C83 /* Frameworks */ = {
			isa = PBXFrameworksBuildPhase;
			buildActionMask = 2147483647;
			files = (
			);
			runOnlyForDeploymentPostprocessing = 0;
		};
/* End PBXFrameworksBuildPhase section */

/* Begin PBXGroup section */
		FA2F6DDE2BDF761700173C83 = {
			isa = PBXGroup;
			children = (
				FA2F6E142BDF764D00173C83 /* video_list_screen.png */,
				FA2F6E162BDF765900173C83 /* video_details_screen.png */,
				FA2F6E182BDF766300173C83 /* README.md */,
				FA2F6DE92BDF761700173C83 /* VideoViewerApplication */,
				FA2F6DFA2BDF762100173C83 /* VideoViewerApplicationTests */,
				FA2F6E042BDF762100173C83 /* VideoViewerApplicationUITests */,
				FA2F6DE82BDF761700173C83 /* Products */,
			);
			sourceTree = "<group>";
		};
		FA2F6DE82BDF761700173C83 /* Products */ = {
			isa = PBXGroup;
			children = (
				FA2F6DE72BDF761700173C83 /* VideoViewerApplication.app */,
				FA2F6DF72BDF762100173C83 /* VideoViewerApplicationTests.xctest */,
				FA2F6E012BDF762100173C83 /* VideoViewerApplicationUITests.xctest */,
			);
			name = Products;
			sourceTree = "<group>";
		};
		FA2F6DE92BDF761700173C83 /* VideoViewerApplication */ = {
			isa = PBXGroup;
			children = (
				FA2F6E2D2BDF817500173C83 /* View */,
				FA2F6E282BDF804C00173C83 /* RefreshModifier */,
				FA2F6E1F2BDF7BDC00173C83 /* NetworkManager */,
				FA2F6E1C2BDF7B9400173C83 /* Model */,
				FA2F6DEE2BDF761E00173C83 /* Assets.xcassets */,
				FA2F6DF02BDF761E00173C83 /* Preview Content */,
			);
			path = VideoViewerApplication;
			sourceTree = "<group>";
		};
		FA2F6DF02BDF761E00173C83 /* Preview Content */ = {
			isa = PBXGroup;
			children = (
				FA2F6DF12BDF761E00173C83 /* Preview Assets.xcassets */,
			);
			path = "Preview Content";
			sourceTree = "<group>";
		};
		FA2F6DFA2BDF762100173C83 /* VideoViewerApplicationTests */ = {
			isa = PBXGroup;
			children = (
				FA2F6DFB2BDF762100173C83 /* VideoViewerApplicationTests.swift */,
			);
			path = VideoViewerApplicationTests;
			sourceTree = "<group>";
		};
		FA2F6E042BDF762100173C83 /* VideoViewerApplicationUITests */ = {
			isa = PBXGroup;
			children = (
				FA2F6E052BDF762100173C83 /* VideoViewerApplicationUITests.swift */,
				FA2F6E072BDF762100173C83 /* VideoViewerApplicationUITestsLaunchTests.swift */,
			);
			path = VideoViewerApplicationUITests;
			sourceTree = "<group>";
		};
		FA2F6E1C2BDF7B9400173C83 /* Model */ = {
			isa = PBXGroup;
			children = (
				FA2F6E1A2BDF7B8400173C83 /* Video.swift */,
			);
			path = Model;
			sourceTree = "<group>";
		};
		FA2F6E1F2BDF7BDC00173C83 /* NetworkManager */ = {
			isa = PBXGroup;
			children = (
				FA2F6E1D2BDF7BD600173C83 /* NetworkManager.swift */,
			);
			path = NetworkManager;
			sourceTree = "<group>";
		};
		FA2F6E282BDF804C00173C83 /* RefreshModifier */ = {
			isa = PBXGroup;
			children = (
				FA2F6E292BDF808500173C83 /* PullToRefreshModifier.swift */,
				FA2F6E2B2BDF80B200173C83 /* RefreshableKeyTypes.swift */,
			);
			path = RefreshModifier;
			sourceTree = "<group>";
		};
		FA2F6E2D2BDF817500173C83 /* View */ = {
			isa = PBXGroup;
			children = (
				FA2F6DEA2BDF761700173C83 /* VideoViewerApplicationApp.swift */,
				FA2F6DEC2BDF761700173C83 /* ContentView.swift */,
				FA2F6E222BDF7CCE00173C83 /* VideoListView.swift */,
				FA2F6E242BDF7CFA00173C83 /* VideoDetailView.swift */,
				FA2F6E262BDF7D2E00173C83 /* VideoDownloadManager.swift */,
			);
			path = View;
			sourceTree = "<group>";
		};
/* End PBXGroup section */

/* Begin PBXNativeTarget section */
		FA2F6DE62BDF761700173C83 /* VideoViewerApplication */ = {
			isa = PBXNativeTarget;
			buildConfigurationList = FA2F6E0B2BDF762100173C83 /* Build configuration list for PBXNativeTarget "VideoViewerApplication" */;
			buildPhases = (
				FA2F6DE32BDF761700173C83 /* Sources */,
				FA2F6DE42BDF761700173C83 /* Frameworks */,
				FA2F6DE52BDF761700173C83 /* Resources */,
			);
			buildRules = (
			);
			dependencies = (
			);
			name = VideoViewerApplication;
			productName = VideoViewerApplication;
			productReference = FA2F6DE72BDF761700173C83 /* VideoViewerApplication.app */;
			productType = "com.apple.product-type.application";
		};
		FA2F6DF62BDF762100173C83 /* VideoViewerApplicationTests */ = {
			isa = PBXNativeTarget;
			buildConfigurationList = FA2F6E0E2BDF762100173C83 /* Build configuration list for PBXNativeTarget "VideoViewerApplicationTests" */;
			buildPhases = (
				FA2F6DF32BDF762100173C83 /* Sources */,
				FA2F6DF42BDF762100173C83 /* Frameworks */,
				FA2F6DF52BDF762100173C83 /* Resources */,
			);
			buildRules = (
			);
			dependencies = (
				FA2F6DF92BDF762100173C83 /* PBXTargetDependency */,
			);
			name = VideoViewerApplicationTests;
			productName = VideoViewerApplicationTests;
			productReference = FA2F6DF72BDF762100173C83 /* VideoViewerApplicationTests.xctest */;
			productType = "com.apple.product-type.bundle.unit-test";
		};
		FA2F6E002BDF762100173C83 /* VideoViewerApplicationUITests */ = {
			isa = PBXNativeTarget;
			buildConfigurationList = FA2F6E112BDF762100173C83 /* Build configuration list for PBXNativeTarget "VideoViewerApplicationUITests" */;
			buildPhases = (
				FA2F6DFD2BDF762100173C83 /* Sources */,
				FA2F6DFE2BDF762100173C83 /* Frameworks */,
				FA2F6DFF2BDF762100173C83 /* Resources */,
			);
			buildRules = (
			);
			dependencies = (
				FA2F6E032BDF762100173C83 /* PBXTargetDependency */,
			);
			name = VideoViewerApplicationUITests;
			productName = VideoViewerApplicationUITests;
			productReference = FA2F6E012BDF762100173C83 /* VideoViewerApplicationUITests.xctest */;
			productType = "com.apple.product-type.bundle.ui-testing";
		};
/* End PBXNativeTarget section */

/* Begin PBXProject section */
		FA2F6DDF2BDF761700173C83 /* Project object */ = {
			isa = PBXProject;
			attributes = {
				BuildIndependentTargetsInParallel = 1;
				LastSwiftUpdateCheck = 1530;
				LastUpgradeCheck = 1530;
				TargetAttributes = {
					FA2F6DE62BDF761700173C83 = {
						CreatedOnToolsVersion = 15.3;
					};
					FA2F6DF62BDF762100173C83 = {
						CreatedOnToolsVersion = 15.3;
						TestTargetID = FA2F6DE62BDF761700173C83;
					};
					FA2F6E002BDF762100173C83 = {
						CreatedOnToolsVersion = 15.3;
						TestTargetID = FA2F6DE62BDF761700173C83;
					};
				};
			};
			buildConfigurationList = FA2F6DE22BDF761700173C83 /* Build configuration list for PBXProject "VideoViewerApplication" */;
			compatibilityVersion = "Xcode 14.0";
			developmentRegion = en;
			hasScannedForEncodings = 0;
			knownRegions = (
				en,
				Base,
			);
			mainGroup = FA2F6DDE2BDF761700173C83;
			productRefGroup = FA2F6DE82BDF761700173C83 /* Products */;
			projectDirPath = "";
			projectRoot = "";
			targets = (
				FA2F6DE62BDF761700173C83 /* VideoViewerApplication */,
				FA2F6DF62BDF762100173C83 /* VideoViewerApplicationTests */,
				FA2F6E002BDF762100173C83 /* VideoViewerApplicationUITests */,
			);
		};
/* End PBXProject section */

/* Begin PBXResourcesBuildPhase section */
		FA2F6DE52BDF761700173C83 /* Resources */ = {
			isa = PBXResourcesBuildPhase;
			buildActionMask = 2147483647;
			files = (
				FA2F6DF22BDF761E00173C83 /* Preview Assets.xcassets in Resources */,
				FA2F6DEF2BDF761E00173C83 /* Assets.xcassets in Resources */,
				FA2F6E192BDF766300173C83 /* README.md in Resources */,
				FA2F6E172BDF765900173C83 /* video_details_screen.png in Resources */,
				FA2F6E152BDF764D00173C83 /* video_list_screen.png in Resources */,
			);
			runOnlyForDeploymentPostprocessing = 0;
		};
		FA2F6DF52BDF762100173C83 /* Resources */ = {
			isa = PBXResourcesBuildPhase;
			buildActionMask = 2147483647;
			files = (
			);
			runOnlyForDeploymentPostprocessing = 0;
		};
		FA2F6DFF2BDF762100173C83 /* Resources */ = {
			isa = PBXResourcesBuildPhase;
			buildActionMask = 2147483647;
			files = (
			);
			runOnlyForDeploymentPostprocessing = 0;
		};
/* End PBXResourcesBuildPhase section */

/* Begin PBXSourcesBuildPhase section */
		FA2F6DE32BDF761700173C83 /* Sources */ = {
			isa = PBXSourcesBuildPhase;
			buildActionMask = 2147483647;
			files = (
				FA2F6E232BDF7CCE00173C83 /* VideoListView.swift in Sources */,
				FA2F6E2C2BDF80B200173C83 /* RefreshableKeyTypes.swift in Sources */,
				FA2F6E272BDF7D2E00173C83 /* VideoDownloadManager.swift in Sources */,
				FA2F6E252BDF7CFA00173C83 /* VideoDetailView.swift in Sources */,
				FA2F6E1E2BDF7BD600173C83 /* NetworkManager.swift in Sources */,
				FA2F6E2A2BDF808500173C83 /* PullToRefreshModifier.swift in Sources */,
				FA2F6DED2BDF761700173C83 /* ContentView.swift in Sources */,
				FA2F6E1B2BDF7B8400173C83 /* Video.swift in Sources */,
				FA2F6DEB2BDF761700173C83 /* VideoViewerApplicationApp.swift in Sources */,
			);
			runOnlyForDeploymentPostprocessing = 0;
		};
		FA2F6DF32BDF762100173C83 /* Sources */ = {
			isa = PBXSourcesBuildPhase;
			buildActionMask = 2147483647;
			files = (
				FA2F6E3E2BE375C400173C83 /* NetworkManager.swift in Sources */,
				FA2F6E342BE375AE00173C83 /* VideoListView.swift in Sources */,
				FA2F6E302BE375A500173C83 /* VideoViewerApplicationApp.swift in Sources */,
				FA2F6DFC2BDF762100173C83 /* VideoViewerApplicationTests.swift in Sources */,
				FA2F6E382BE375B700173C83 /* VideoDownloadManager.swift in Sources */,
				FA2F6E322BE375AA00173C83 /* ContentView.swift in Sources */,
				FA2F6E3C2BE375C000173C83 /* RefreshableKeyTypes.swift in Sources */,
				FA2F6E3A2BE375BC00173C83 /* PullToRefreshModifier.swift in Sources */,
				FA2F6E362BE375B300173C83 /* VideoDetailView.swift in Sources */,
				FA2F6E402BE375CC00173C83 /* Video.swift in Sources */,
			);
			runOnlyForDeploymentPostprocessing = 0;
		};
		FA2F6DFD2BDF762100173C83 /* Sources */ = {
			isa = PBXSourcesBuildPhase;
			buildActionMask = 2147483647;
			files = (
				FA2F6E352BE375AF00173C83 /* VideoListView.swift in Sources */,
				FA2F6E3D2BE375C100173C83 /* RefreshableKeyTypes.swift in Sources */,
				FA2F6E3F2BE375C500173C83 /* NetworkManager.swift in Sources */,
				FA2F6E392BE375B800173C83 /* VideoDownloadManager.swift in Sources */,
				FA2F6E372BE375B400173C83 /* VideoDetailView.swift in Sources */,
				FA2F6E062BDF762100173C83 /* VideoViewerApplicationUITests.swift in Sources */,
				FA2F6E3B2BE375BD00173C83 /* PullToRefreshModifier.swift in Sources */,
				FA2F6E412BE375CD00173C83 /* Video.swift in Sources */,
				FA2F6E082BDF762100173C83 /* VideoViewerApplicationUITestsLaunchTests.swift in Sources */,
				FA2F6E332BE375AB00173C83 /* ContentView.swift in Sources */,
				FA2F6E312BE375A600173C83 /* VideoViewerApplicationApp.swift in Sources */,
			);
			runOnlyForDeploymentPostprocessing = 0;
		};
/* End PBXSourcesBuildPhase section */

/* Begin PBXTargetDependency section */
		FA2F6DF92BDF762100173C83 /* PBXTargetDependency */ = {
			isa = PBXTargetDependency;
			target = FA2F6DE62BDF761700173C83 /* VideoViewerApplication */;
			targetProxy = FA2F6DF82BDF762100173C83 /* PBXContainerItemProxy */;
		};
		FA2F6E032BDF762100173C83 /* PBXTargetDependency */ = {
			isa = PBXTargetDependency;
			target = FA2F6DE62BDF761700173C83 /* VideoViewerApplication */;
			targetProxy = FA2F6E022BDF762100173C83 /* PBXContainerItemProxy */;
		};
/* End PBXTargetDependency section */

/* Begin XCBuildConfiguration section */
		FA2F6E092BDF762100173C83 /* Debug */ = {
			isa = XCBuildConfiguration;
			buildSettings = {
				ALWAYS_SEARCH_USER_PATHS = NO;
				ASSETCATALOG_COMPILER_GENERATE_SWIFT_ASSET_SYMBOL_EXTENSIONS = YES;
				CLANG_ANALYZER_NONNULL = YES;
				CLANG_ANALYZER_NUMBER_OBJECT_CONVERSION = YES_AGGRESSIVE;
				CLANG_CXX_LANGUAGE_STANDARD = "gnu++20";
				CLANG_ENABLE_MODULES = YES;
				CLANG_ENABLE_OBJC_ARC = YES;
				CLANG_ENABLE_OBJC_WEAK = YES;
				CLANG_WARN_BLOCK_CAPTURE_AUTORELEASING = YES;
				CLANG_WARN_BOOL_CONVERSION = YES;
				CLANG_WARN_COMMA = YES;
				CLANG_WARN_CONSTANT_CONVERSION = YES;
				CLANG_WARN_DEPRECATED_OBJC_IMPLEMENTATIONS = YES;
				CLANG_WARN_DIRECT_OBJC_ISA_USAGE = YES_ERROR;
				CLANG_WARN_DOCUMENTATION_COMMENTS = YES;
				CLANG_WARN_EMPTY_BODY = YES;
				CLANG_WARN_ENUM_CONVERSION = YES;
				CLANG_WARN_INFINITE_RECURSION = YES;
				CLANG_WARN_INT_CONVERSION = YES;
				CLANG_WARN_NON_LITERAL_NULL_CONVERSION = YES;
				CLANG_WARN_OBJC_IMPLICIT_RETAIN_SELF = YES;
				CLANG_WARN_OBJC_LITERAL_CONVERSION = YES;
				CLANG_WARN_OBJC_ROOT_CLASS = YES_ERROR;
				CLANG_WARN_QUOTED_INCLUDE_IN_FRAMEWORK_HEADER = YES;
				CLANG_WARN_RANGE_LOOP_ANALYSIS = YES;
				CLANG_WARN_STRICT_PROTOTYPES = YES;
				CLANG_WARN_SUSPICIOUS_MOVE = YES;
				CLANG_WARN_UNGUARDED_AVAILABILITY = YES_AGGRESSIVE;
				CLANG_WARN_UNREACHABLE_CODE = YES;
				CLANG_WARN__DUPLICATE_METHOD_MATCH = YES;
				COPY_PHASE_STRIP = NO;
				DEBUG_INFORMATION_FORMAT = dwarf;
				ENABLE_STRICT_OBJC_MSGSEND = YES;
				ENABLE_TESTABILITY = YES;
				ENABLE_USER_SCRIPT_SANDBOXING = YES;
				GCC_C_LANGUAGE_STANDARD = gnu17;
				GCC_DYNAMIC_NO_PIC = NO;
				GCC_NO_COMMON_BLOCKS = YES;
				GCC_OPTIMIZATION_LEVEL = 0;
				GCC_PREPROCESSOR_DEFINITIONS = (
					"DEBUG=1",
					"$(inherited)",
				);
				GCC_WARN_64_TO_32_BIT_CONVERSION = YES;
				GCC_WARN_ABOUT_RETURN_TYPE = YES_ERROR;
				GCC_WARN_UNDECLARED_SELECTOR = YES;
				GCC_WARN_UNINITIALIZED_AUTOS = YES_AGGRESSIVE;
				GCC_WARN_UNUSED_FUNCTION = YES;
				GCC_WARN_UNUSED_VARIABLE = YES;
				IPHONEOS_DEPLOYMENT_TARGET = 17.4;
				LOCALIZATION_PREFERS_STRING_CATALOGS = YES;
				MTL_ENABLE_DEBUG_INFO = INCLUDE_SOURCE;
				MTL_FAST_MATH = YES;
				ONLY_ACTIVE_ARCH = YES;
				SDKROOT = iphoneos;
				SWIFT_ACTIVE_COMPILATION_CONDITIONS = "DEBUG $(inherited)";
				SWIFT_OPTIMIZATION_LEVEL = "-Onone";
			};
			name = Debug;
		};
		FA2F6E0A2BDF762100173C83 /* Release */ = {
			isa = XCBuildConfiguration;
			buildSettings = {
				ALWAYS_SEARCH_USER_PATHS = NO;
				ASSETCATALOG_COMPILER_GENERATE_SWIFT_ASSET_SYMBOL_EXTENSIONS = YES;
				CLANG_ANALYZER_NONNULL = YES;
				CLANG_ANALYZER_NUMBER_OBJECT_CONVERSION = YES_AGGRESSIVE;
				CLANG_CXX_LANGUAGE_STANDARD = "gnu++20";
				CLANG_ENABLE_MODULES = YES;
				CLANG_ENABLE_OBJC_ARC = YES;
				CLANG_ENABLE_OBJC_WEAK = YES;
				CLANG_WARN_BLOCK_CAPTURE_AUTORELEASING = YES;
				CLANG_WARN_BOOL_CONVERSION = YES;
				CLANG_WARN_COMMA = YES;
				CLANG_WARN_CONSTANT_CONVERSION = YES;
				CLANG_WARN_DEPRECATED_OBJC_IMPLEMENTATIONS = YES;
				CLANG_WARN_DIRECT_OBJC_ISA_USAGE = YES_ERROR;
				CLANG_WARN_DOCUMENTATION_COMMENTS = YES;
				CLANG_WARN_EMPTY_BODY = YES;
				CLANG_WARN_ENUM_CONVERSION = YES;
				CLANG_WARN_INFINITE_RECURSION = YES;
				CLANG_WARN_INT_CONVERSION = YES;
				CLANG_WARN_NON_LITERAL_NULL_CONVERSION = YES;
				CLANG_WARN_OBJC_IMPLICIT_RETAIN_SELF = YES;
				CLANG_WARN_OBJC_LITERAL_CONVERSION = YES;
				CLANG_WARN_OBJC_ROOT_CLASS = YES_ERROR;
				CLANG_WARN_QUOTED_INCLUDE_IN_FRAMEWORK_HEADER = YES;
				CLANG_WARN_RANGE_LOOP_ANALYSIS = YES;
				CLANG_WARN_STRICT_PROTOTYPES = YES;
				CLANG_WARN_SUSPICIOUS_MOVE = YES;
				CLANG_WARN_UNGUARDED_AVAILABILITY = YES_AGGRESSIVE;
				CLANG_WARN_UNREACHABLE_CODE = YES;
				CLANG_WARN__DUPLICATE_METHOD_MATCH = YES;
				COPY_PHASE_STRIP = NO;
				DEBUG_INFORMATION_FORMAT = "dwarf-with-dsym";
				ENABLE_NS_ASSERTIONS = NO;
				ENABLE_STRICT_OBJC_MSGSEND = YES;
				ENABLE_USER_SCRIPT_SANDBOXING = YES;
				GCC_C_LANGUAGE_STANDARD = gnu17;
				GCC_NO_COMMON_BLOCKS = YES;
				GCC_WARN_64_TO_32_BIT_CONVERSION = YES;
				GCC_WARN_ABOUT_RETURN_TYPE = YES_ERROR;
				GCC_WARN_UNDECLARED_SELECTOR = YES;
				GCC_WARN_UNINITIALIZED_AUTOS = YES_AGGRESSIVE;
				GCC_WARN_UNUSED_FUNCTION = YES;
				GCC_WARN_UNUSED_VARIABLE = YES;
				IPHONEOS_DEPLOYMENT_TARGET = 17.4;
				LOCALIZATION_PREFERS_STRING_CATALOGS = YES;
				MTL_ENABLE_DEBUG_INFO = NO;
				MTL_FAST_MATH = YES;
				SDKROOT = iphoneos;
				SWIFT_COMPILATION_MODE = wholemodule;
				VALIDATE_PRODUCT = YES;
			};
			name = Release;
		};
		FA2F6E0C2BDF762100173C83 /* Debug */ = {
			isa = XCBuildConfiguration;
			buildSettings = {
				ASSETCATALOG_COMPILER_APPICON_NAME = AppIcon;
				ASSETCATALOG_COMPILER_GLOBAL_ACCENT_COLOR_NAME = AccentColor;
				CODE_SIGN_STYLE = Automatic;
				CURRENT_PROJECT_VERSION = 1;
				DEVELOPMENT_ASSET_PATHS = "\"VideoViewerApplication/Preview Content\"";
				ENABLE_PREVIEWS = YES;
				GENERATE_INFOPLIST_FILE = YES;
				INFOPLIST_KEY_UIApplicationSceneManifest_Generation = YES;
				INFOPLIST_KEY_UIApplicationSupportsIndirectInputEvents = YES;
				INFOPLIST_KEY_UILaunchScreen_Generation = YES;
				INFOPLIST_KEY_UISupportedInterfaceOrientations_iPad = "UIInterfaceOrientationPortrait UIInterfaceOrientationPortraitUpsideDown UIInterfaceOrientationLandscapeLeft UIInterfaceOrientationLandscapeRight";
				INFOPLIST_KEY_UISupportedInterfaceOrientations_iPhone = "UIInterfaceOrientationPortrait UIInterfaceOrientationLandscapeLeft UIInterfaceOrientationLandscapeRight";
				LD_RUNPATH_SEARCH_PATHS = (
					"$(inherited)",
					"@executable_path/Frameworks",
				);
				MARKETING_VERSION = 1.0;
				PRODUCT_BUNDLE_IDENTIFIER = com.timberra.VideoViewerApplication;
				PRODUCT_NAME = "$(TARGET_NAME)";
				SWIFT_EMIT_LOC_STRINGS = YES;
				SWIFT_VERSION = 5.0;
				TARGETED_DEVICE_FAMILY = "1,2";
			};
			name = Debug;
		};
		FA2F6E0D2BDF762100173C83 /* Release */ = {
			isa = XCBuildConfiguration;
			buildSettings = {
				ASSETCATALOG_COMPILER_APPICON_NAME = AppIcon;
				ASSETCATALOG_COMPILER_GLOBAL_ACCENT_COLOR_NAME = AccentColor;
				CODE_SIGN_STYLE = Automatic;
				CURRENT_PROJECT_VERSION = 1;
				DEVELOPMENT_ASSET_PATHS = "\"VideoViewerApplication/Preview Content\"";
				ENABLE_PREVIEWS = YES;
				GENERATE_INFOPLIST_FILE = YES;
				INFOPLIST_KEY_UIApplicationSceneManifest_Generation = YES;
				INFOPLIST_KEY_UIApplicationSupportsIndirectInputEvents = YES;
				INFOPLIST_KEY_UILaunchScreen_Generation = YES;
				INFOPLIST_KEY_UISupportedInterfaceOrientations_iPad = "UIInterfaceOrientationPortrait UIInterfaceOrientationPortraitUpsideDown UIInterfaceOrientationLandscapeLeft UIInterfaceOrientationLandscapeRight";
				INFOPLIST_KEY_UISupportedInterfaceOrientations_iPhone = "UIInterfaceOrientationPortrait UIInterfaceOrientationLandscapeLeft UIInterfaceOrientationLandscapeRight";
				LD_RUNPATH_SEARCH_PATHS = (
					"$(inherited)",
					"@executable_path/Frameworks",
				);
				MARKETING_VERSION = 1.0;
				PRODUCT_BUNDLE_IDENTIFIER = com.timberra.VideoViewerApplication;
				PRODUCT_NAME = "$(TARGET_NAME)";
				SWIFT_EMIT_LOC_STRINGS = YES;
				SWIFT_VERSION = 5.0;
				TARGETED_DEVICE_FAMILY = "1,2";
			};
			name = Release;
		};
		FA2F6E0F2BDF762100173C83 /* Debug */ = {
			isa = XCBuildConfiguration;
			buildSettings = {
				ALWAYS_EMBED_SWIFT_STANDARD_LIBRARIES = YES;
				BUNDLE_LOADER = "$(TEST_HOST)";
				CODE_SIGN_STYLE = Automatic;
				CURRENT_PROJECT_VERSION = 1;
				GENERATE_INFOPLIST_FILE = YES;
				IPHONEOS_DEPLOYMENT_TARGET = 17.4;
				MARKETING_VERSION = 1.0;
				PRODUCT_BUNDLE_IDENTIFIER = com.timberra.VideoViewerApplicationTests;
				PRODUCT_NAME = "$(TARGET_NAME)";
				SWIFT_EMIT_LOC_STRINGS = NO;
				SWIFT_VERSION = 5.0;
				TARGETED_DEVICE_FAMILY = "1,2";
				TEST_HOST = "$(BUILT_PRODUCTS_DIR)/VideoViewerApplication.app/$(BUNDLE_EXECUTABLE_FOLDER_PATH)/VideoViewerApplication";
			};
			name = Debug;
		};
		FA2F6E102BDF762100173C83 /* Release */ = {
			isa = XCBuildConfiguration;
			buildSettings = {
				ALWAYS_EMBED_SWIFT_STANDARD_LIBRARIES = YES;
				BUNDLE_LOADER = "$(TEST_HOST)";
				CODE_SIGN_STYLE = Automatic;
				CURRENT_PROJECT_VERSION = 1;
				GENERATE_INFOPLIST_FILE = YES;
				IPHONEOS_DEPLOYMENT_TARGET = 17.4;
				MARKETING_VERSION = 1.0;
				PRODUCT_BUNDLE_IDENTIFIER = com.timberra.VideoViewerApplicationTests;
				PRODUCT_NAME = "$(TARGET_NAME)";
				SWIFT_EMIT_LOC_STRINGS = NO;
				SWIFT_VERSION = 5.0;
				TARGETED_DEVICE_FAMILY = "1,2";
				TEST_HOST = "$(BUILT_PRODUCTS_DIR)/VideoViewerApplication.app/$(BUNDLE_EXECUTABLE_FOLDER_PATH)/VideoViewerApplication";
			};
			name = Release;
		};
		FA2F6E122BDF762100173C83 /* Debug */ = {
			isa = XCBuildConfiguration;
			buildSettings = {
				ALWAYS_EMBED_SWIFT_STANDARD_LIBRARIES = YES;
				CODE_SIGN_STYLE = Automatic;
				CURRENT_PROJECT_VERSION = 1;
				GENERATE_INFOPLIST_FILE = YES;
				MARKETING_VERSION = 1.0;
				PRODUCT_BUNDLE_IDENTIFIER = com.timberra.VideoViewerApplicationUITests;
				PRODUCT_NAME = "$(TARGET_NAME)";
				SWIFT_EMIT_LOC_STRINGS = NO;
				SWIFT_VERSION = 5.0;
				TARGETED_DEVICE_FAMILY = "1,2";
				TEST_TARGET_NAME = VideoViewerApplication;
			};
			name = Debug;
		};
		FA2F6E132BDF762100173C83 /* Release */ = {
			isa = XCBuildConfiguration;
			buildSettings = {
				ALWAYS_EMBED_SWIFT_STANDARD_LIBRARIES = YES;
				CODE_SIGN_STYLE = Automatic;
				CURRENT_PROJECT_VERSION = 1;
				GENERATE_INFOPLIST_FILE = YES;
				MARKETING_VERSION = 1.0;
				PRODUCT_BUNDLE_IDENTIFIER = com.timberra.VideoViewerApplicationUITests;
				PRODUCT_NAME = "$(TARGET_NAME)";
				SWIFT_EMIT_LOC_STRINGS = NO;
				SWIFT_VERSION = 5.0;
				TARGETED_DEVICE_FAMILY = "1,2";
				TEST_TARGET_NAME = VideoViewerApplication;
			};
			name = Release;
		};
/* End XCBuildConfiguration section */

/* Begin XCConfigurationList section */
		FA2F6DE22BDF761700173C83 /* Build configuration list for PBXProject "VideoViewerApplication" */ = {
			isa = XCConfigurationList;
			buildConfigurations = (
				FA2F6E092BDF762100173C83 /* Debug */,
				FA2F6E0A2BDF762100173C83 /* Release */,
			);
			defaultConfigurationIsVisible = 0;
			defaultConfigurationName = Release;
		};
		FA2F6E0B2BDF762100173C83 /* Build configuration list for PBXNativeTarget "VideoViewerApplication" */ = {
			isa = XCConfigurationList;
			buildConfigurations = (
				FA2F6E0C2BDF762100173C83 /* Debug */,
				FA2F6E0D2BDF762100173C83 /* Release */,
			);
			defaultConfigurationIsVisible = 0;
			defaultConfigurationName = Release;
		};
		FA2F6E0E2BDF762100173C83 /* Build configuration list for PBXNativeTarget "VideoViewerApplicationTests" */ = {
			isa = XCConfigurationList;
			buildConfigurations = (
				FA2F6E0F2BDF762100173C83 /* Debug */,
				FA2F6E102BDF762100173C83 /* Release */,
			);
			defaultConfigurationIsVisible = 0;
			defaultConfigurationName = Release;
		};
		FA2F6E112BDF762100173C83 /* Build configuration list for PBXNativeTarget "VideoViewerApplicationUITests" */ = {
			isa = XCConfigurationList;
			buildConfigurations = (
				FA2F6E122BDF762100173C83 /* Debug */,
				FA2F6E132BDF762100173C83 /* Release */,
			);
			defaultConfigurationIsVisible = 0;
			defaultConfigurationName = Release;
		};
/* End XCConfigurationList section */
	};
	rootObject = FA2F6DDF2BDF761700173C83 /* Project object */;
}
